// !$*UTF8*$!
{
	archiveVersion = 1;
	classes = {
	};
	objectVersion = 50;
	objects = {

/* Begin PBXBuildFile section */
		04056BE322317B8500168C93 /* AppDelegate.swift in Sources */ = {isa = PBXBuildFile; fileRef = 04056BE222317B8500168C93 /* AppDelegate.swift */; };
		04056BE522317B8500168C93 /* ViewController.swift in Sources */ = {isa = PBXBuildFile; fileRef = 04056BE422317B8500168C93 /* ViewController.swift */; };
		04056BE822317B8500168C93 /* Main.storyboard in Resources */ = {isa = PBXBuildFile; fileRef = 04056BE622317B8500168C93 /* Main.storyboard */; };
		04056BEA22317B8800168C93 /* Assets.xcassets in Resources */ = {isa = PBXBuildFile; fileRef = 04056BE922317B8800168C93 /* Assets.xcassets */; };
		04056BED22317B8800168C93 /* LaunchScreen.storyboard in Resources */ = {isa = PBXBuildFile; fileRef = 04056BEB22317B8800168C93 /* LaunchScreen.storyboard */; };
		04056BF822317B8800168C93 /* STUDIO_ProjectTests.swift in Sources */ = {isa = PBXBuildFile; fileRef = 04056BF722317B8800168C93 /* STUDIO_ProjectTests.swift */; };
		04056C0322317B8800168C93 /* STUDIO_ProjectUITests.swift in Sources */ = {isa = PBXBuildFile; fileRef = 04056C0222317B8800168C93 /* STUDIO_ProjectUITests.swift */; };
		04056C4F2231849D00168C93 /* LocationAPI.swift in Sources */ = {isa = PBXBuildFile; fileRef = 04056C4E2231849D00168C93 /* LocationAPI.swift */; };
		04056C512231852000168C93 /* FoodSearchAPI.swift in Sources */ = {isa = PBXBuildFile; fileRef = 04056C502231852000168C93 /* FoodSearchAPI.swift */; };
		042461062239E2DA0008AA91 /* TableViewController.swift in Sources */ = {isa = PBXBuildFile; fileRef = 042461052239E2DA0008AA91 /* TableViewController.swift */; };
		045F140322663BC300668E2B /* MainMacrosTableViewCell.swift in Sources */ = {isa = PBXBuildFile; fileRef = 045F140222663BC300668E2B /* MainMacrosTableViewCell.swift */; };
		04D1AECA22659556005B3403 /* MacrosTableViewController.swift in Sources */ = {isa = PBXBuildFile; fileRef = 04D1AEC922659556005B3403 /* MacrosTableViewController.swift */; };
		04FFBFC42253C7DE00801BB7 /* ItemViewController.swift in Sources */ = {isa = PBXBuildFile; fileRef = 04FFBFC32253C7DD00801BB7 /* ItemViewController.swift */; };
/* End PBXBuildFile section */

/* Begin PBXContainerItemProxy section */
		04056BF422317B8800168C93 /* PBXContainerItemProxy */ = {
			isa = PBXContainerItemProxy;
			containerPortal = 04056BD722317B8500168C93 /* Project object */;
			proxyType = 1;
			remoteGlobalIDString = 04056BDE22317B8500168C93;
			remoteInfo = STUDIO_Project;
		};
		04056BFF22317B8800168C93 /* PBXContainerItemProxy */ = {
			isa = PBXContainerItemProxy;
			containerPortal = 04056BD722317B8500168C93 /* Project object */;
			proxyType = 1;
			remoteGlobalIDString = 04056BDE22317B8500168C93;
			remoteInfo = STUDIO_Project;
		};
/* End PBXContainerItemProxy section */

/* Begin PBXFileReference section */
		04056BDF22317B8500168C93 /* STUDIO_Project.app */ = {isa = PBXFileReference; explicitFileType = wrapper.application; includeInIndex = 0; path = STUDIO_Project.app; sourceTree = BUILT_PRODUCTS_DIR; };
		04056BE222317B8500168C93 /* AppDelegate.swift */ = {isa = PBXFileReference; lastKnownFileType = sourcecode.swift; path = AppDelegate.swift; sourceTree = "<group>"; };
		04056BE422317B8500168C93 /* ViewController.swift */ = {isa = PBXFileReference; lastKnownFileType = sourcecode.swift; path = ViewController.swift; sourceTree = "<group>"; };
		04056BE722317B8500168C93 /* Base */ = {isa = PBXFileReference; lastKnownFileType = file.storyboard; name = Base; path = Base.lproj/Main.storyboard; sourceTree = "<group>"; };
		04056BE922317B8800168C93 /* Assets.xcassets */ = {isa = PBXFileReference; lastKnownFileType = folder.assetcatalog; path = Assets.xcassets; sourceTree = "<group>"; };
		04056BEC22317B8800168C93 /* Base */ = {isa = PBXFileReference; lastKnownFileType = file.storyboard; name = Base; path = Base.lproj/LaunchScreen.storyboard; sourceTree = "<group>"; };
		04056BEE22317B8800168C93 /* Info.plist */ = {isa = PBXFileReference; lastKnownFileType = text.plist.xml; path = Info.plist; sourceTree = "<group>"; };
		04056BF322317B8800168C93 /* STUDIO_ProjectTests.xctest */ = {isa = PBXFileReference; explicitFileType = wrapper.cfbundle; includeInIndex = 0; path = STUDIO_ProjectTests.xctest; sourceTree = BUILT_PRODUCTS_DIR; };
		04056BF722317B8800168C93 /* STUDIO_ProjectTests.swift */ = {isa = PBXFileReference; lastKnownFileType = sourcecode.swift; path = STUDIO_ProjectTests.swift; sourceTree = "<group>"; };
		04056BF922317B8800168C93 /* Info.plist */ = {isa = PBXFileReference; lastKnownFileType = text.plist.xml; path = Info.plist; sourceTree = "<group>"; };
		04056BFE22317B8800168C93 /* STUDIO_ProjectUITests.xctest */ = {isa = PBXFileReference; explicitFileType = wrapper.cfbundle; includeInIndex = 0; path = STUDIO_ProjectUITests.xctest; sourceTree = BUILT_PRODUCTS_DIR; };
		04056C0222317B8800168C93 /* STUDIO_ProjectUITests.swift */ = {isa = PBXFileReference; lastKnownFileType = sourcecode.swift; path = STUDIO_ProjectUITests.swift; sourceTree = "<group>"; };
		04056C0422317B8800168C93 /* Info.plist */ = {isa = PBXFileReference; lastKnownFileType = text.plist.xml; path = Info.plist; sourceTree = "<group>"; };
		04056C4E2231849D00168C93 /* LocationAPI.swift */ = {isa = PBXFileReference; lastKnownFileType = sourcecode.swift; path = LocationAPI.swift; sourceTree = "<group>"; };
		04056C502231852000168C93 /* FoodSearchAPI.swift */ = {isa = PBXFileReference; lastKnownFileType = sourcecode.swift; path = FoodSearchAPI.swift; sourceTree = "<group>"; };
		042461052239E2DA0008AA91 /* TableViewController.swift */ = {isa = PBXFileReference; lastKnownFileType = sourcecode.swift; path = TableViewController.swift; sourceTree = "<group>"; };
		045F140222663BC300668E2B /* MainMacrosTableViewCell.swift */ = {isa = PBXFileReference; lastKnownFileType = sourcecode.swift; path = MainMacrosTableViewCell.swift; sourceTree = "<group>"; };
		04D1AEC922659556005B3403 /* MacrosTableViewController.swift */ = {isa = PBXFileReference; lastKnownFileType = sourcecode.swift; path = MacrosTableViewController.swift; sourceTree = "<group>"; };
		04FFBFC32253C7DD00801BB7 /* ItemViewController.swift */ = {isa = PBXFileReference; lastKnownFileType = sourcecode.swift; path = ItemViewController.swift; sourceTree = "<group>"; };
/* End PBXFileReference section */

/* Begin PBXFrameworksBuildPhase section */
		04056BDC22317B8500168C93 /* Frameworks */ = {
			isa = PBXFrameworksBuildPhase;
			buildActionMask = 2147483647;
			files = (
			);
			runOnlyForDeploymentPostprocessing = 0;
		};
		04056BF022317B8800168C93 /* Frameworks */ = {
			isa = PBXFrameworksBuildPhase;
			buildActionMask = 2147483647;
			files = (
			);
			runOnlyForDeploymentPostprocessing = 0;
		};
		04056BFB22317B8800168C93 /* Frameworks */ = {
			isa = PBXFrameworksBuildPhase;
			buildActionMask = 2147483647;
			files = (
			);
			runOnlyForDeploymentPostprocessing = 0;
		};
/* End PBXFrameworksBuildPhase section */

/* Begin PBXGroup section */
		04056BD622317B8500168C93 = {
			isa = PBXGroup;
			children = (
				04056BE122317B8500168C93 /* STUDIO_Project */,
				04056BF622317B8800168C93 /* STUDIO_ProjectTests */,
				04056C0122317B8800168C93 /* STUDIO_ProjectUITests */,
				04056BE022317B8500168C93 /* Products */,
			);
			sourceTree = "<group>";
		};
		04056BE022317B8500168C93 /* Products */ = {
			isa = PBXGroup;
			children = (
				04056BDF22317B8500168C93 /* STUDIO_Project.app */,
				04056BF322317B8800168C93 /* STUDIO_ProjectTests.xctest */,
				04056BFE22317B8800168C93 /* STUDIO_ProjectUITests.xctest */,
			);
			name = Products;
			sourceTree = "<group>";
		};
		04056BE122317B8500168C93 /* STUDIO_Project */ = {
			isa = PBXGroup;
			children = (
				04056BE222317B8500168C93 /* AppDelegate.swift */,
				04056BE422317B8500168C93 /* ViewController.swift */,
				042461052239E2DA0008AA91 /* TableViewController.swift */,
				04FFBFC32253C7DD00801BB7 /* ItemViewController.swift */,
				04056C4E2231849D00168C93 /* LocationAPI.swift */,
				04056BE622317B8500168C93 /* Main.storyboard */,
				04D1AEC922659556005B3403 /* MacrosTableViewController.swift */,
				04056BE922317B8800168C93 /* Assets.xcassets */,
				04056BEB22317B8800168C93 /* LaunchScreen.storyboard */,
				04056BEE22317B8800168C93 /* Info.plist */,
				04056C502231852000168C93 /* FoodSearchAPI.swift */,
				045F140222663BC300668E2B /* MainMacrosTableViewCell.swift */,
			);
			path = STUDIO_Project;
			sourceTree = "<group>";
		};
		04056BF622317B8800168C93 /* STUDIO_ProjectTests */ = {
			isa = PBXGroup;
			children = (
				04056BF722317B8800168C93 /* STUDIO_ProjectTests.swift */,
				04056BF922317B8800168C93 /* Info.plist */,
			);
			path = STUDIO_ProjectTests;
			sourceTree = "<group>";
		};
		04056C0122317B8800168C93 /* STUDIO_ProjectUITests */ = {
			isa = PBXGroup;
			children = (
				04056C0222317B8800168C93 /* STUDIO_ProjectUITests.swift */,
				04056C0422317B8800168C93 /* Info.plist */,
			);
			path = STUDIO_ProjectUITests;
			sourceTree = "<group>";
		};
/* End PBXGroup section */

/* Begin PBXNativeTarget section */
		04056BDE22317B8500168C93 /* STUDIO_Project */ = {
			isa = PBXNativeTarget;
			buildConfigurationList = 04056C0722317B8800168C93 /* Build configuration list for PBXNativeTarget "STUDIO_Project" */;
			buildPhases = (
				04056BDB22317B8500168C93 /* Sources */,
				04056BDC22317B8500168C93 /* Frameworks */,
				04056BDD22317B8500168C93 /* Resources */,
			);
			buildRules = (
			);
			dependencies = (
			);
			name = STUDIO_Project;
			productName = STUDIO_Project;
			productReference = 04056BDF22317B8500168C93 /* STUDIO_Project.app */;
			productType = "com.apple.product-type.application";
		};
		04056BF222317B8800168C93 /* STUDIO_ProjectTests */ = {
			isa = PBXNativeTarget;
			buildConfigurationList = 04056C0A22317B8800168C93 /* Build configuration list for PBXNativeTarget "STUDIO_ProjectTests" */;
			buildPhases = (
				04056BEF22317B8800168C93 /* Sources */,
				04056BF022317B8800168C93 /* Frameworks */,
				04056BF122317B8800168C93 /* Resources */,
			);
			buildRules = (
			);
			dependencies = (
				04056BF522317B8800168C93 /* PBXTargetDependency */,
			);
			name = STUDIO_ProjectTests;
			productName = STUDIO_ProjectTests;
			productReference = 04056BF322317B8800168C93 /* STUDIO_ProjectTests.xctest */;
			productType = "com.apple.product-type.bundle.unit-test";
		};
		04056BFD22317B8800168C93 /* STUDIO_ProjectUITests */ = {
			isa = PBXNativeTarget;
			buildConfigurationList = 04056C0D22317B8800168C93 /* Build configuration list for PBXNativeTarget "STUDIO_ProjectUITests" */;
			buildPhases = (
				04056BFA22317B8800168C93 /* Sources */,
				04056BFB22317B8800168C93 /* Frameworks */,
				04056BFC22317B8800168C93 /* Resources */,
			);
			buildRules = (
			);
			dependencies = (
				04056C0022317B8800168C93 /* PBXTargetDependency */,
			);
			name = STUDIO_ProjectUITests;
			productName = STUDIO_ProjectUITests;
			productReference = 04056BFE22317B8800168C93 /* STUDIO_ProjectUITests.xctest */;
			productType = "com.apple.product-type.bundle.ui-testing";
		};
/* End PBXNativeTarget section */

/* Begin PBXProject section */
		04056BD722317B8500168C93 /* Project object */ = {
			isa = PBXProject;
			attributes = {
				LastSwiftUpdateCheck = 1010;
				LastUpgradeCheck = 1010;
				ORGANIZATIONNAME = "Israel Quinonez";
				TargetAttributes = {
					04056BDE22317B8500168C93 = {
						CreatedOnToolsVersion = 10.1;
					};
					04056BF222317B8800168C93 = {
						CreatedOnToolsVersion = 10.1;
						TestTargetID = 04056BDE22317B8500168C93;
					};
					04056BFD22317B8800168C93 = {
						CreatedOnToolsVersion = 10.1;
						TestTargetID = 04056BDE22317B8500168C93;
					};
				};
			};
			buildConfigurationList = 04056BDA22317B8500168C93 /* Build configuration list for PBXProject "STUDIO_Project" */;
			compatibilityVersion = "Xcode 9.3";
			developmentRegion = en;
			hasScannedForEncodings = 0;
			knownRegions = (
				en,
				Base,
			);
			mainGroup = 04056BD622317B8500168C93;
			productRefGroup = 04056BE022317B8500168C93 /* Products */;
			projectDirPath = "";
			projectRoot = "";
			targets = (
				04056BDE22317B8500168C93 /* STUDIO_Project */,
				04056BF222317B8800168C93 /* STUDIO_ProjectTests */,
				04056BFD22317B8800168C93 /* STUDIO_ProjectUITests */,
			);
		};
/* End PBXProject section */

/* Begin PBXResourcesBuildPhase section */
		04056BDD22317B8500168C93 /* Resources */ = {
			isa = PBXResourcesBuildPhase;
			buildActionMask = 2147483647;
			files = (
				04056BED22317B8800168C93 /* LaunchScreen.storyboard in Resources */,
				04056BEA22317B8800168C93 /* Assets.xcassets in Resources */,
				04056BE822317B8500168C93 /* Main.storyboard in Resources */,
			);
			runOnlyForDeploymentPostprocessing = 0;
		};
		04056BF122317B8800168C93 /* Resources */ = {
			isa = PBXResourcesBuildPhase;
			buildActionMask = 2147483647;
			files = (
			);
			runOnlyForDeploymentPostprocessing = 0;
		};
		04056BFC22317B8800168C93 /* Resources */ = {
			isa = PBXResourcesBuildPhase;
			buildActionMask = 2147483647;
			files = (
			);
			runOnlyForDeploymentPostprocessing = 0;
		};
/* End PBXResourcesBuildPhase section */

/* Begin PBXSourcesBuildPhase section */
		04056BDB22317B8500168C93 /* Sources */ = {
			isa = PBXSourcesBuildPhase;
			buildActionMask = 2147483647;
			files = (
				04056BE522317B8500168C93 /* ViewController.swift in Sources */,
				04056C4F2231849D00168C93 /* LocationAPI.swift in Sources */,
				04056C512231852000168C93 /* FoodSearchAPI.swift in Sources */,
				042461062239E2DA0008AA91 /* TableViewController.swift in Sources */,
				04D1AECA22659556005B3403 /* MacrosTableViewController.swift in Sources */,
				045F140322663BC300668E2B /* MainMacrosTableViewCell.swift in Sources */,
				04056BE322317B8500168C93 /* AppDelegate.swift in Sources */,
				04FFBFC42253C7DE00801BB7 /* ItemViewController.swift in Sources */,
			);
			runOnlyForDeploymentPostprocessing = 0;
		};
		04056BEF22317B8800168C93 /* Sources */ = {
			isa = PBXSourcesBuildPhase;
			buildActionMask = 2147483647;
			files = (
				04056BF822317B8800168C93 /* STUDIO_ProjectTests.swift in Sources */,
			);
			runOnlyForDeploymentPostprocessing = 0;
		};
		04056BFA22317B8800168C93 /* Sources */ = {
			isa = PBXSourcesBuildPhase;
			buildActionMask = 2147483647;
			files = (
				04056C0322317B8800168C93 /* STUDIO_ProjectUITests.swift in Sources */,
			);
			runOnlyForDeploymentPostprocessing = 0;
		};
/* End PBXSourcesBuildPhase section */

/* Begin PBXTargetDependency section */
		04056BF522317B8800168C93 /* PBXTargetDependency */ = {
			isa = PBXTargetDependency;
			target = 04056BDE22317B8500168C93 /* STUDIO_Project */;
			targetProxy = 04056BF422317B8800168C93 /* PBXContainerItemProxy */;
		};
		04056C0022317B8800168C93 /* PBXTargetDependency */ = {
			isa = PBXTargetDependency;
			target = 04056BDE22317B8500168C93 /* STUDIO_Project */;
			targetProxy = 04056BFF22317B8800168C93 /* PBXContainerItemProxy */;
		};
/* End PBXTargetDependency section */

/* Begin PBXVariantGroup section */
		04056BE622317B8500168C93 /* Main.storyboard */ = {
			isa = PBXVariantGroup;
			children = (
				04056BE722317B8500168C93 /* Base */,
			);
			name = Main.storyboard;
			sourceTree = "<group>";
		};
		04056BEB22317B8800168C93 /* LaunchScreen.storyboard */ = {
			isa = PBXVariantGroup;
			children = (
				04056BEC22317B8800168C93 /* Base */,
			);
			name = LaunchScreen.storyboard;
			sourceTree = "<group>";
		};
/* End PBXVariantGroup section */

/* Begin XCBuildConfiguration section */
		04056C0522317B8800168C93 /* Debug */ = {
			isa = XCBuildConfiguration;
			buildSettings = {
				ALWAYS_SEARCH_USER_PATHS = NO;
				CLANG_ANALYZER_NONNULL = YES;
				CLANG_ANALYZER_NUMBER_OBJECT_CONVERSION = YES_AGGRESSIVE;
				CLANG_CXX_LANGUAGE_STANDARD = "gnu++14";
				CLANG_CXX_LIBRARY = "libc++";
				CLANG_ENABLE_MODULES = YES;
				CLANG_ENABLE_OBJC_ARC = YES;
				CLANG_ENABLE_OBJC_WEAK = YES;
				CLANG_WARN_BLOCK_CAPTURE_AUTORELEASING = YES;
				CLANG_WARN_BOOL_CONVERSION = YES;
				CLANG_WARN_COMMA = YES;
				CLANG_WARN_CONSTANT_CONVERSION = YES;
				CLANG_WARN_DEPRECATED_OBJC_IMPLEMENTATIONS = YES;
				CLANG_WARN_DIRECT_OBJC_ISA_USAGE = YES_ERROR;
				CLANG_WARN_DOCUMENTATION_COMMENTS = YES;
				CLANG_WARN_EMPTY_BODY = YES;
				CLANG_WARN_ENUM_CONVERSION = YES;
				CLANG_WARN_INFINITE_RECURSION = YES;
				CLANG_WARN_INT_CONVERSION = YES;
				CLANG_WARN_NON_LITERAL_NULL_CONVERSION = YES;
				CLANG_WARN_OBJC_IMPLICIT_RETAIN_SELF = YES;
				CLANG_WARN_OBJC_LITERAL_CONVERSION = YES;
				CLANG_WARN_OBJC_ROOT_CLASS = YES_ERROR;
				CLANG_WARN_RANGE_LOOP_ANALYSIS = YES;
				CLANG_WARN_STRICT_PROTOTYPES = YES;
				CLANG_WARN_SUSPICIOUS_MOVE = YES;
				CLANG_WARN_UNGUARDED_AVAILABILITY = YES_AGGRESSIVE;
				CLANG_WARN_UNREACHABLE_CODE = YES;
				CLANG_WARN__DUPLICATE_METHOD_MATCH = YES;
				CODE_SIGN_IDENTITY = "iPhone Developer";
				COPY_PHASE_STRIP = NO;
				DEBUG_INFORMATION_FORMAT = dwarf;
				ENABLE_STRICT_OBJC_MSGSEND = YES;
				ENABLE_TESTABILITY = YES;
				GCC_C_LANGUAGE_STANDARD = gnu11;
				GCC_DYNAMIC_NO_PIC = NO;
				GCC_NO_COMMON_BLOCKS = YES;
				GCC_OPTIMIZATION_LEVEL = 0;
				GCC_PREPROCESSOR_DEFINITIONS = (
					"DEBUG=1",
					"$(inherited)",
				);
				GCC_WARN_64_TO_32_BIT_CONVERSION = YES;
				GCC_WARN_ABOUT_RETURN_TYPE = YES_ERROR;
				GCC_WARN_UNDECLARED_SELECTOR = YES;
				GCC_WARN_UNINITIALIZED_AUTOS = YES_AGGRESSIVE;
				GCC_WARN_UNUSED_FUNCTION = YES;
				GCC_WARN_UNUSED_VARIABLE = YES;
				IPHONEOS_DEPLOYMENT_TARGET = 12.1;
				MTL_ENABLE_DEBUG_INFO = INCLUDE_SOURCE;
				MTL_FAST_MATH = YES;
				ONLY_ACTIVE_ARCH = YES;
				SDKROOT = iphoneos;
				SWIFT_ACTIVE_COMPILATION_CONDITIONS = DEBUG;
				SWIFT_OPTIMIZATION_LEVEL = "-Onone";
			};
			name = Debug;
		};
		04056C0622317B8800168C93 /* Release */ = {
			isa = XCBuildConfiguration;
			buildSettings = {
				ALWAYS_SEARCH_USER_PATHS = NO;
				CLANG_ANALYZER_NONNULL = YES;
				CLANG_ANALYZER_NUMBER_OBJECT_CONVERSION = YES_AGGRESSIVE;
				CLANG_CXX_LANGUAGE_STANDARD = "gnu++14";
				CLANG_CXX_LIBRARY = "libc++";
				CLANG_ENABLE_MODULES = YES;
				CLANG_ENABLE_OBJC_ARC = YES;
				CLANG_ENABLE_OBJC_WEAK = YES;
				CLANG_WARN_BLOCK_CAPTURE_AUTORELEASING = YES;
				CLANG_WARN_BOOL_CONVERSION = YES;
				CLANG_WARN_COMMA = YES;
				CLANG_WARN_CONSTANT_CONVERSION = YES;
				CLANG_WARN_DEPRECATED_OBJC_IMPLEMENTATIONS = YES;
				CLANG_WARN_DIRECT_OBJC_ISA_USAGE = YES_ERROR;
				CLANG_WARN_DOCUMENTATION_COMMENTS = YES;
				CLANG_WARN_EMPTY_BODY = YES;
				CLANG_WARN_ENUM_CONVERSION = YES;
				CLANG_WARN_INFINITE_RECURSION = YES;
				CLANG_WARN_INT_CONVERSION = YES;
				CLANG_WARN_NON_LITERAL_NULL_CONVERSION = YES;
				CLANG_WARN_OBJC_IMPLICIT_RETAIN_SELF = YES;
				CLANG_WARN_OBJC_LITERAL_CONVERSION = YES;
				CLANG_WARN_OBJC_ROOT_CLASS = YES_ERROR;
				CLANG_WARN_RANGE_LOOP_ANALYSIS = YES;
				CLANG_WARN_STRICT_PROTOTYPES = YES;
				CLANG_WARN_SUSPICIOUS_MOVE = YES;
				CLANG_WARN_UNGUARDED_AVAILABILITY = YES_AGGRESSIVE;
				CLANG_WARN_UNREACHABLE_CODE = YES;
				CLANG_WARN__DUPLICATE_METHOD_MATCH = YES;
				CODE_SIGN_IDENTITY = "iPhone Developer";
				COPY_PHASE_STRIP = NO;
				DEBUG_INFORMATION_FORMAT = "dwarf-with-dsym";
				ENABLE_NS_ASSERTIONS = NO;
				ENABLE_STRICT_OBJC_MSGSEND = YES;
				GCC_C_LANGUAGE_STANDARD = gnu11;
				GCC_NO_COMMON_BLOCKS = YES;
				GCC_WARN_64_TO_32_BIT_CONVERSION = YES;
				GCC_WARN_ABOUT_RETURN_TYPE = YES_ERROR;
				GCC_WARN_UNDECLARED_SELECTOR = YES;
				GCC_WARN_UNINITIALIZED_AUTOS = YES_AGGRESSIVE;
				GCC_WARN_UNUSED_FUNCTION = YES;
				GCC_WARN_UNUSED_VARIABLE = YES;
				IPHONEOS_DEPLOYMENT_TARGET = 12.1;
				MTL_ENABLE_DEBUG_INFO = NO;
				MTL_FAST_MATH = YES;
				SDKROOT = iphoneos;
				SWIFT_COMPILATION_MODE = wholemodule;
				SWIFT_OPTIMIZATION_LEVEL = "-O";
				VALIDATE_PRODUCT = YES;
			};
			name = Release;
		};
		04056C0822317B8800168C93 /* Debug */ = {
			isa = XCBuildConfiguration;
			buildSettings = {
				ASSETCATALOG_COMPILER_APPICON_NAME = AppIcon;
				CODE_SIGN_STYLE = Automatic;
				DEVELOPMENT_TEAM = Q9JFK982LS;
				INFOPLIST_FILE = STUDIO_Project/Info.plist;
				LD_RUNPATH_SEARCH_PATHS = (
					"$(inherited)",
					"@executable_path/Frameworks",
				);
				PRODUCT_BUNDLE_IDENTIFIER = "ATLAS.STUDIO-Project";
				PRODUCT_NAME = "$(TARGET_NAME)";
				SWIFT_VERSION = 4.2;
				TARGETED_DEVICE_FAMILY = "1,2";
			};
			name = Debug;
		};
		04056C0922317B8800168C93 /* Release */ = {
			isa = XCBuildConfiguration;
			buildSettings = {
				ASSETCATALOG_COMPILER_APPICON_NAME = AppIcon;
				CODE_SIGN_STYLE = Automatic;
				DEVELOPMENT_TEAM = Q9JFK982LS;
				INFOPLIST_FILE = STUDIO_Project/Info.plist;
				LD_RUNPATH_SEARCH_PATHS = (
					"$(inherited)",
					"@executable_path/Frameworks",
				);
				PRODUCT_BUNDLE_IDENTIFIER = "ATLAS.STUDIO-Project";
				PRODUCT_NAME = "$(TARGET_NAME)";
				SWIFT_VERSION = 4.2;
				TARGETED_DEVICE_FAMILY = "1,2";
			};
			name = Release;
		};
		04056C0B22317B8800168C93 /* Debug */ = {
			isa = XCBuildConfiguration;
			buildSettings = {
				ALWAYS_EMBED_SWIFT_STANDARD_LIBRARIES = YES;
				BUNDLE_LOADER = "$(TEST_HOST)";
				CODE_SIGN_STYLE = Automatic;
				INFOPLIST_FILE = STUDIO_ProjectTests/Info.plist;
				LD_RUNPATH_SEARCH_PATHS = (
					"$(inherited)",
					"@executable_path/Frameworks",
					"@loader_path/Frameworks",
				);
				PRODUCT_BUNDLE_IDENTIFIER = "ATLAS.STUDIO-ProjectTests";
				PRODUCT_NAME = "$(TARGET_NAME)";
				SWIFT_VERSION = 4.2;
				TARGETED_DEVICE_FAMILY = "1,2";
				TEST_HOST = "$(BUILT_PRODUCTS_DIR)/STUDIO_Project.app/STUDIO_Project";
			};
			name = Debug;
		};
		04056C0C22317B8800168C93 /* Release */ = {
			isa = XCBuildConfiguration;
			buildSettings = {
				ALWAYS_EMBED_SWIFT_STANDARD_LIBRARIES = YES;
				BUNDLE_LOADER = "$(TEST_HOST)";
				CODE_SIGN_STYLE = Automatic;
				INFOPLIST_FILE = STUDIO_ProjectTests/Info.plist;
				LD_RUNPATH_SEARCH_PATHS = (
					"$(inherited)",
					"@executable_path/Frameworks",
					"@loader_path/Frameworks",
				);
				PRODUCT_BUNDLE_IDENTIFIER = "ATLAS.STUDIO-ProjectTests";
				PRODUCT_NAME = "$(TARGET_NAME)";
				SWIFT_VERSION = 4.2;
				TARGETED_DEVICE_FAMILY = "1,2";
				TEST_HOST = "$(BUILT_PRODUCTS_DIR)/STUDIO_Project.app/STUDIO_Project";
			};
			name = Release;
		};
		04056C0E22317B8800168C93 /* Debug */ = {
			isa = XCBuildConfiguration;
			buildSettings = {
				ALWAYS_EMBED_SWIFT_STANDARD_LIBRARIES = YES;
				CODE_SIGN_STYLE = Automatic;
				INFOPLIST_FILE = STUDIO_ProjectUITests/Info.plist;
				LD_RUNPATH_SEARCH_PATHS = (
					"$(inherited)",
					"@executable_path/Frameworks",
					"@loader_path/Frameworks",
				);
				PRODUCT_BUNDLE_IDENTIFIER = "ATLAS.STUDIO-ProjectUITests";
				PRODUCT_NAME = "$(TARGET_NAME)";
				SWIFT_VERSION = 4.2;
				TARGETED_DEVICE_FAMILY = "1,2";
				TEST_TARGET_NAME = STUDIO_Project;
			};
			name = Debug;
		};
		04056C0F22317B8800168C93 /* Release */ = {
			isa = XCBuildConfiguration;
			buildSettings = {
				ALWAYS_EMBED_SWIFT_STANDARD_LIBRARIES = YES;
				CODE_SIGN_STYLE = Automatic;
				INFOPLIST_FILE = STUDIO_ProjectUITests/Info.plist;
				LD_RUNPATH_SEARCH_PATHS = (
					"$(inherited)",
					"@executable_path/Frameworks",
					"@loader_path/Frameworks",
				);
				PRODUCT_BUNDLE_IDENTIFIER = "ATLAS.STUDIO-ProjectUITests";
				PRODUCT_NAME = "$(TARGET_NAME)";
				SWIFT_VERSION = 4.2;
				TARGETED_DEVICE_FAMILY = "1,2";
				TEST_TARGET_NAME = STUDIO_Project;
			};
			name = Release;
		};
/* End XCBuildConfiguration section */

/* Begin XCConfigurationList section */
		04056BDA22317B8500168C93 /* Build configuration list for PBXProject "STUDIO_Project" */ = {
			isa = XCConfigurationList;
			buildConfigurations = (
				04056C0522317B8800168C93 /* Debug */,
				04056C0622317B8800168C93 /* Release */,
			);
			defaultConfigurationIsVisible = 0;
			defaultConfigurationName = Release;
		};
		04056C0722317B8800168C93 /* Build configuration list for PBXNativeTarget "STUDIO_Project" */ = {
			isa = XCConfigurationList;
			buildConfigurations = (
				04056C0822317B8800168C93 /* Debug */,
				04056C0922317B8800168C93 /* Release */,
			);
			defaultConfigurationIsVisible = 0;
			defaultConfigurationName = Release;
		};
		04056C0A22317B8800168C93 /* Build configuration list for PBXNativeTarget "STUDIO_ProjectTests" */ = {
			isa = XCConfigurationList;
			buildConfigurations = (
				04056C0B22317B8800168C93 /* Debug */,
				04056C0C22317B8800168C93 /* Release */,
			);
			defaultConfigurationIsVisible = 0;
			defaultConfigurationName = Release;
		};
		04056C0D22317B8800168C93 /* Build configuration list for PBXNativeTarget "STUDIO_ProjectUITests" */ = {
			isa = XCConfigurationList;
			buildConfigurations = (
				04056C0E22317B8800168C93 /* Debug */,
				04056C0F22317B8800168C93 /* Release */,
			);
			defaultConfigurationIsVisible = 0;
			defaultConfigurationName = Release;
		};
/* End XCConfigurationList section */
	};
	rootObject = 04056BD722317B8500168C93 /* Project object */;
}
